
Microsoft Visual Studio Solution File, Format Version 12.00
# Visual Studio Version 17
VisualStudioVersion = 17.9.34902.65
MinimumVisualStudioVersion = 10.0.40219.1
Project("{FAE04EC0-301F-11D3-BF4B-00C04F79EFBC}") = "Voter Age Eligibility Check", "Voter Age Eligibility Check\Voter Age Eligibility Check.csproj", "{145F45FA-0FA1-4762-B7B0-C95FAF892356}"
EndProject
Global
	GlobalSection(SolutionConfigurationPlatforms) = preSolution
		Debug|Any CPU = Debug|Any CPU
		Release|Any CPU = Release|Any CPU
	EndGlobalSection
	GlobalSection(ProjectConfigurationPlatforms) = postSolution
		{145F45FA-0FA1-4762-B7B0-C95FAF892356}.Debug|Any CPU.ActiveCfg = Debug|Any CPU
		{145F45FA-0FA1-4762-B7B0-C95FAF892356}.Debug|Any CPU.Build.0 = Debug|Any CPU
		{145F45FA-0FA1-4762-B7B0-C95FAF892356}.Release|Any CPU.ActiveCfg = Release|Any CPU
		{145F45FA-0FA1-4762-B7B0-C95FAF892356}.Release|Any CPU.Build.0 = Release|Any CPU
	EndGlobalSection
	GlobalSection(SolutionProperties) = preSolution
		HideSolutionNode = FALSE
	EndGlobalSection
	GlobalSection(ExtensibilityGlobals) = postSolution
		SolutionGuid = {23F4FD91-C0ED-4E5E-B356-E2FB6D147A72}
	EndGlobalSection
EndGlobal
